
Microsoft Visual Studio Solution File, Format Version 12.00
# Visual Studio 2013
VisualStudioVersion = 12.0.30501.0
MinimumVisualStudioVersion = 10.0.40219.1
Project("{9092AA53-FB77-4645-B42D-1CCCA6BD08BD}") = "RemmWiki", "RemmWiki\RemmWiki.njsproj", "{0A80E66A-9A4F-4DB1-95A9-E2A986BF9FF5}"
EndProject
Global
	GlobalSection(SolutionConfigurationPlatforms) = preSolution
		Debug|Any CPU = Debug|Any CPU
		Release|Any CPU = Release|Any CPU
	EndGlobalSection
	GlobalSection(ProjectConfigurationPlatforms) = postSolution
		{0A80E66A-9A4F-4DB1-95A9-E2A986BF9FF5}.Debug|Any CPU.ActiveCfg = Debug|Any CPU
		{0A80E66A-9A4F-4DB1-95A9-E2A986BF9FF5}.Debug|Any CPU.Build.0 = Debug|Any CPU
		{0A80E66A-9A4F-4DB1-95A9-E2A986BF9FF5}.Release|Any CPU.ActiveCfg = Release|Any CPU
		{0A80E66A-9A4F-4DB1-95A9-E2A986BF9FF5}.Release|Any CPU.Build.0 = Release|Any CPU
	EndGlobalSection
	GlobalSection(SolutionProperties) = preSolution
		HideSolutionNode = FALSE
	EndGlobalSection
EndGlobal
